
Microsoft Visual Studio Solution File, Format Version 12.00
# Visual Studio Version 17
VisualStudioVersion = 17.14.36221.1 d17.14
MinimumVisualStudioVersion = 10.0.40219.1
Project("{FAE04EC0-301F-11D3-BF4B-00C04F79EFBC}") = "BattleCaseBitfinex", "BattleCaseBitfinex\BattleCaseBitfinex.csproj", "{1C6A84B4-3B25-4C40-B026-9A2885591C22}"
EndProject
Project("{FAE04EC0-301F-11D3-BF4B-00C04F79EFBC}") = "BattleCaseBitfinex.Domain", "BattleCaseBitfinex.Domain\BattleCaseBitfinex.Domain.csproj", "{FC1A92C1-159F-459D-85CE-B640DFE8606B}"
EndProject
Project("{FAE04EC0-301F-11D3-BF4B-00C04F79EFBC}") = "BattleCaseBitfinex.Infrastructure", "BattleCaseBitfinex.Infrastructure\BattleCaseBitfinex.Infrastructure.csproj", "{A578F6C5-92DD-456A-A385-BBCB7458875B}"
EndProject
Global
	GlobalSection(SolutionConfigurationPlatforms) = preSolution
		Debug|Any CPU = Debug|Any CPU
		Release|Any CPU = Release|Any CPU
	EndGlobalSection
	GlobalSection(ProjectConfigurationPlatforms) = postSolution
		{1C6A84B4-3B25-4C40-B026-9A2885591C22}.Debug|Any CPU.ActiveCfg = Debug|Any CPU
		{1C6A84B4-3B25-4C40-B026-9A2885591C22}.Debug|Any CPU.Build.0 = Debug|Any CPU
		{1C6A84B4-3B25-4C40-B026-9A2885591C22}.Release|Any CPU.ActiveCfg = Release|Any CPU
		{1C6A84B4-3B25-4C40-B026-9A2885591C22}.Release|Any CPU.Build.0 = Release|Any CPU
		{FC1A92C1-159F-459D-85CE-B640DFE8606B}.Debug|Any CPU.ActiveCfg = Debug|Any CPU
		{FC1A92C1-159F-459D-85CE-B640DFE8606B}.Debug|Any CPU.Build.0 = Debug|Any CPU
		{FC1A92C1-159F-459D-85CE-B640DFE8606B}.Release|Any CPU.ActiveCfg = Release|Any CPU
		{FC1A92C1-159F-459D-85CE-B640DFE8606B}.Release|Any CPU.Build.0 = Release|Any CPU
		{A578F6C5-92DD-456A-A385-BBCB7458875B}.Debug|Any CPU.ActiveCfg = Debug|Any CPU
		{A578F6C5-92DD-456A-A385-BBCB7458875B}.Debug|Any CPU.Build.0 = Debug|Any CPU
		{A578F6C5-92DD-456A-A385-BBCB7458875B}.Release|Any CPU.ActiveCfg = Release|Any CPU
		{A578F6C5-92DD-456A-A385-BBCB7458875B}.Release|Any CPU.Build.0 = Release|Any CPU
	EndGlobalSection
	GlobalSection(SolutionProperties) = preSolution
		HideSolutionNode = FALSE
	EndGlobalSection
	GlobalSection(ExtensibilityGlobals) = postSolution
		SolutionGuid = {7987F7EF-B10E-4618-8FD2-FBEB91E7A550}
	EndGlobalSection
EndGlobal
